// !$*UTF8*$!
{
	archiveVersion = 1;
	classes = {
	};
	objectVersion = 46;
	objects = {

/* Begin PBXBuildFile section */
		0B151C451D40209200FCE436 /* Birthday.swift in Sources */ = {isa = PBXBuildFile; fileRef = 0B151C441D40209200FCE436 /* Birthday.swift */; };
		0B151C481D4024E700FCE436 /* BirthdayManager.swift in Sources */ = {isa = PBXBuildFile; fileRef = 0B151C471D4024E700FCE436 /* BirthdayManager.swift */; };
		0B5142EA1D47AAD600D320EB /* BirthdayData.plist in Resources */ = {isa = PBXBuildFile; fileRef = 0B5142E91D47AAD600D320EB /* BirthdayData.plist */; };
		0B947B291D3EC9E5003F9D8F /* AddBirthdayViewController.swift in Sources */ = {isa = PBXBuildFile; fileRef = 0B947B281D3EC9E5003F9D8F /* AddBirthdayViewController.swift */; };
		0BBC47611D3EC3B20006EDDE /* AppDelegate.swift in Sources */ = {isa = PBXBuildFile; fileRef = 0BBC47601D3EC3B20006EDDE /* AppDelegate.swift */; };
		0BBC47631D3EC3B20006EDDE /* BirthdayTableViewController.swift in Sources */ = {isa = PBXBuildFile; fileRef = 0BBC47621D3EC3B20006EDDE /* BirthdayTableViewController.swift */; };
		0BBC47661D3EC3B20006EDDE /* Main.storyboard in Resources */ = {isa = PBXBuildFile; fileRef = 0BBC47641D3EC3B20006EDDE /* Main.storyboard */; };
		0BBC47681D3EC3B20006EDDE /* Assets.xcassets in Resources */ = {isa = PBXBuildFile; fileRef = 0BBC47671D3EC3B20006EDDE /* Assets.xcassets */; };
		0BBC476B1D3EC3B20006EDDE /* LaunchScreen.storyboard in Resources */ = {isa = PBXBuildFile; fileRef = 0BBC47691D3EC3B20006EDDE /* LaunchScreen.storyboard */; };
		5DFAC9E61D7EEC58004679D6 /* AddBirthdayVCTests.swift in Sources */ = {isa = PBXBuildFile; fileRef = 5DFAC9E51D7EEC58004679D6 /* AddBirthdayVCTests.swift */; };
		5DFAC9E81D7EFFE2004679D6 /* BirthdayTableVC.swift in Sources */ = {isa = PBXBuildFile; fileRef = 5DFAC9E71D7EFFE2004679D6 /* BirthdayTableVC.swift */; };
		5DFAC9EA1D7F1A16004679D6 /* BirthdayManagerTests.swift in Sources */ = {isa = PBXBuildFile; fileRef = 5DFAC9E91D7F1A16004679D6 /* BirthdayManagerTests.swift */; };
		5DFAC9EC1D804944004679D6 /* BirthdayNotficator.swift in Sources */ = {isa = PBXBuildFile; fileRef = 5DFAC9EB1D804944004679D6 /* BirthdayNotficator.swift */; };
		5DFAC9F01D818B6A004679D6 /* BirthdayNotficatorTests.swift in Sources */ = {isa = PBXBuildFile; fileRef = 5DFAC9EF1D818B6A004679D6 /* BirthdayNotficatorTests.swift */; };
/* End PBXBuildFile section */

/* Begin PBXContainerItemProxy section */
		0BBC47721D3EC3B20006EDDE /* PBXContainerItemProxy */ = {
			isa = PBXContainerItemProxy;
			containerPortal = 0BBC47551D3EC3B20006EDDE /* Project object */;
			proxyType = 1;
			remoteGlobalIDString = 0BBC475C1D3EC3B20006EDDE;
			remoteInfo = BirthdayReminder;
		};
/* End PBXContainerItemProxy section */

/* Begin PBXFileReference section */
		0B151C441D40209200FCE436 /* Birthday.swift */ = {isa = PBXFileReference; fileEncoding = 4; lastKnownFileType = sourcecode.swift; path = Birthday.swift; sourceTree = "<group>"; };
		0B151C471D4024E700FCE436 /* BirthdayManager.swift */ = {isa = PBXFileReference; fileEncoding = 4; lastKnownFileType = sourcecode.swift; path = BirthdayManager.swift; sourceTree = "<group>"; };
		0B5142E91D47AAD600D320EB /* BirthdayData.plist */ = {isa = PBXFileReference; fileEncoding = 4; lastKnownFileType = text.plist.xml; path = BirthdayData.plist; sourceTree = "<group>"; };
		0B947B281D3EC9E5003F9D8F /* AddBirthdayViewController.swift */ = {isa = PBXFileReference; fileEncoding = 4; lastKnownFileType = sourcecode.swift; path = AddBirthdayViewController.swift; sourceTree = "<group>"; };
		0BBC475D1D3EC3B20006EDDE /* BirthdayReminder.app */ = {isa = PBXFileReference; explicitFileType = wrapper.application; includeInIndex = 0; path = BirthdayReminder.app; sourceTree = BUILT_PRODUCTS_DIR; };
		0BBC47601D3EC3B20006EDDE /* AppDelegate.swift */ = {isa = PBXFileReference; lastKnownFileType = sourcecode.swift; path = AppDelegate.swift; sourceTree = "<group>"; };
		0BBC47621D3EC3B20006EDDE /* BirthdayTableViewController.swift */ = {isa = PBXFileReference; lastKnownFileType = sourcecode.swift; path = BirthdayTableViewController.swift; sourceTree = "<group>"; };
		0BBC47651D3EC3B20006EDDE /* Base */ = {isa = PBXFileReference; lastKnownFileType = file.storyboard; name = Base; path = Base.lproj/Main.storyboard; sourceTree = "<group>"; };
		0BBC47671D3EC3B20006EDDE /* Assets.xcassets */ = {isa = PBXFileReference; lastKnownFileType = folder.assetcatalog; path = Assets.xcassets; sourceTree = "<group>"; };
		0BBC476A1D3EC3B20006EDDE /* Base */ = {isa = PBXFileReference; lastKnownFileType = file.storyboard; name = Base; path = Base.lproj/LaunchScreen.storyboard; sourceTree = "<group>"; };
		0BBC476C1D3EC3B20006EDDE /* Info.plist */ = {isa = PBXFileReference; lastKnownFileType = text.plist.xml; path = Info.plist; sourceTree = "<group>"; };
		0BBC47711D3EC3B20006EDDE /* BirthdayReminderTests.xctest */ = {isa = PBXFileReference; explicitFileType = wrapper.cfbundle; includeInIndex = 0; path = BirthdayReminderTests.xctest; sourceTree = BUILT_PRODUCTS_DIR; };
		0BBC47771D3EC3B20006EDDE /* Info.plist */ = {isa = PBXFileReference; lastKnownFileType = text.plist.xml; path = Info.plist; sourceTree = "<group>"; };
		5DFAC9E51D7EEC58004679D6 /* AddBirthdayVCTests.swift */ = {isa = PBXFileReference; fileEncoding = 4; lastKnownFileType = sourcecode.swift; path = AddBirthdayVCTests.swift; sourceTree = "<group>"; };
		5DFAC9E71D7EFFE2004679D6 /* BirthdayTableVC.swift */ = {isa = PBXFileReference; fileEncoding = 4; lastKnownFileType = sourcecode.swift; path = BirthdayTableVC.swift; sourceTree = "<group>"; };
		5DFAC9E91D7F1A16004679D6 /* BirthdayManagerTests.swift */ = {isa = PBXFileReference; fileEncoding = 4; lastKnownFileType = sourcecode.swift; path = BirthdayManagerTests.swift; sourceTree = "<group>"; };
		5DFAC9EB1D804944004679D6 /* BirthdayNotficator.swift */ = {isa = PBXFileReference; fileEncoding = 4; lastKnownFileType = sourcecode.swift; path = BirthdayNotficator.swift; sourceTree = "<group>"; };
		5DFAC9EF1D818B6A004679D6 /* BirthdayNotficatorTests.swift */ = {isa = PBXFileReference; fileEncoding = 4; lastKnownFileType = sourcecode.swift; path = BirthdayNotficatorTests.swift; sourceTree = "<group>"; };
/* End PBXFileReference section */

/* Begin PBXFrameworksBuildPhase section */
		0BBC475A1D3EC3B20006EDDE /* Frameworks */ = {
			isa = PBXFrameworksBuildPhase;
			buildActionMask = 2147483647;
			files = (
			);
			runOnlyForDeploymentPostprocessing = 0;
		};
		0BBC476E1D3EC3B20006EDDE /* Frameworks */ = {
			isa = PBXFrameworksBuildPhase;
			buildActionMask = 2147483647;
			files = (
			);
			runOnlyForDeploymentPostprocessing = 0;
		};
/* End PBXFrameworksBuildPhase section */

/* Begin PBXGroup section */
		0BBC47541D3EC3B20006EDDE = {
			isa = PBXGroup;
			children = (
				0BBC475F1D3EC3B20006EDDE /* BirthdayReminder */,
				0BBC47741D3EC3B20006EDDE /* BirthdayReminderTests */,
				0BBC475E1D3EC3B20006EDDE /* Products */,
			);
			sourceTree = "<group>";
		};
		0BBC475E1D3EC3B20006EDDE /* Products */ = {
			isa = PBXGroup;
			children = (
				0BBC475D1D3EC3B20006EDDE /* BirthdayReminder.app */,
				0BBC47711D3EC3B20006EDDE /* BirthdayReminderTests.xctest */,
			);
			name = Products;
			sourceTree = "<group>";
		};
		0BBC475F1D3EC3B20006EDDE /* BirthdayReminder */ = {
			isa = PBXGroup;
			children = (
				0BBC47601D3EC3B20006EDDE /* AppDelegate.swift */,
				0B151C441D40209200FCE436 /* Birthday.swift */,
				0B151C471D4024E700FCE436 /* BirthdayManager.swift */,
				0BBC47621D3EC3B20006EDDE /* BirthdayTableViewController.swift */,
				0B947B281D3EC9E5003F9D8F /* AddBirthdayViewController.swift */,
				0BBC47641D3EC3B20006EDDE /* Main.storyboard */,
				0BBC47671D3EC3B20006EDDE /* Assets.xcassets */,
				0BBC47691D3EC3B20006EDDE /* LaunchScreen.storyboard */,
				0BBC476C1D3EC3B20006EDDE /* Info.plist */,
				0B5142E91D47AAD600D320EB /* BirthdayData.plist */,
				5DFAC9EB1D804944004679D6 /* BirthdayNotficator.swift */,
			);
			path = BirthdayReminder;
			sourceTree = "<group>";
		};
		0BBC47741D3EC3B20006EDDE /* BirthdayReminderTests */ = {
			isa = PBXGroup;
			children = (
				0BBC47771D3EC3B20006EDDE /* Info.plist */,
				5DFAC9E51D7EEC58004679D6 /* AddBirthdayVCTests.swift */,
				5DFAC9E71D7EFFE2004679D6 /* BirthdayTableVC.swift */,
				5DFAC9E91D7F1A16004679D6 /* BirthdayManagerTests.swift */,
				5DFAC9EF1D818B6A004679D6 /* BirthdayNotficatorTests.swift */,
			);
			path = BirthdayReminderTests;
			sourceTree = "<group>";
		};
/* End PBXGroup section */

/* Begin PBXNativeTarget section */
		0BBC475C1D3EC3B20006EDDE /* BirthdayReminder */ = {
			isa = PBXNativeTarget;
			buildConfigurationList = 0BBC477A1D3EC3B20006EDDE /* Build configuration list for PBXNativeTarget "BirthdayReminder" */;
			buildPhases = (
				0BBC47591D3EC3B20006EDDE /* Sources */,
				0BBC475A1D3EC3B20006EDDE /* Frameworks */,
				0BBC475B1D3EC3B20006EDDE /* Resources */,
			);
			buildRules = (
			);
			dependencies = (
			);
			name = BirthdayReminder;
			productName = BirthdayReminder;
			productReference = 0BBC475D1D3EC3B20006EDDE /* BirthdayReminder.app */;
			productType = "com.apple.product-type.application";
		};
		0BBC47701D3EC3B20006EDDE /* BirthdayReminderTests */ = {
			isa = PBXNativeTarget;
			buildConfigurationList = 0BBC477D1D3EC3B20006EDDE /* Build configuration list for PBXNativeTarget "BirthdayReminderTests" */;
			buildPhases = (
				0BBC476D1D3EC3B20006EDDE /* Sources */,
				0BBC476E1D3EC3B20006EDDE /* Frameworks */,
				0BBC476F1D3EC3B20006EDDE /* Resources */,
			);
			buildRules = (
			);
			dependencies = (
				0BBC47731D3EC3B20006EDDE /* PBXTargetDependency */,
			);
			name = BirthdayReminderTests;
			productName = BirthdayReminderTests;
			productReference = 0BBC47711D3EC3B20006EDDE /* BirthdayReminderTests.xctest */;
			productType = "com.apple.product-type.bundle.unit-test";
		};
/* End PBXNativeTarget section */

/* Begin PBXProject section */
		0BBC47551D3EC3B20006EDDE /* Project object */ = {
			isa = PBXProject;
			attributes = {
				LastSwiftUpdateCheck = 0730;
				LastUpgradeCheck = 0730;
				ORGANIZATIONNAME = Francisco;
				TargetAttributes = {
					0BBC475C1D3EC3B20006EDDE = {
						CreatedOnToolsVersion = 7.3.1;
					};
					0BBC47701D3EC3B20006EDDE = {
						CreatedOnToolsVersion = 7.3.1;
						TestTargetID = 0BBC475C1D3EC3B20006EDDE;
					};
				};
			};
			buildConfigurationList = 0BBC47581D3EC3B20006EDDE /* Build configuration list for PBXProject "BirthdayReminder" */;
			compatibilityVersion = "Xcode 3.2";
			developmentRegion = English;
			hasScannedForEncodings = 0;
			knownRegions = (
				en,
				Base,
			);
			mainGroup = 0BBC47541D3EC3B20006EDDE;
			productRefGroup = 0BBC475E1D3EC3B20006EDDE /* Products */;
			projectDirPath = "";
			projectRoot = "";
			targets = (
				0BBC475C1D3EC3B20006EDDE /* BirthdayReminder */,
				0BBC47701D3EC3B20006EDDE /* BirthdayReminderTests */,
			);
		};
/* End PBXProject section */

/* Begin PBXResourcesBuildPhase section */
		0BBC475B1D3EC3B20006EDDE /* Resources */ = {
			isa = PBXResourcesBuildPhase;
			buildActionMask = 2147483647;
			files = (
				0BBC476B1D3EC3B20006EDDE /* LaunchScreen.storyboard in Resources */,
				0B5142EA1D47AAD600D320EB /* BirthdayData.plist in Resources */,
				0BBC47681D3EC3B20006EDDE /* Assets.xcassets in Resources */,
				0BBC47661D3EC3B20006EDDE /* Main.storyboard in Resources */,
			);
			runOnlyForDeploymentPostprocessing = 0;
		};
		0BBC476F1D3EC3B20006EDDE /* Resources */ = {
			isa = PBXResourcesBuildPhase;
			buildActionMask = 2147483647;
			files = (
			);
			runOnlyForDeploymentPostprocessing = 0;
		};
/* End PBXResourcesBuildPhase section */

/* Begin PBXSourcesBuildPhase section */
		0BBC47591D3EC3B20006EDDE /* Sources */ = {
			isa = PBXSourcesBuildPhase;
			buildActionMask = 2147483647;
			files = (
				0B151C451D40209200FCE436 /* Birthday.swift in Sources */,
				0B151C481D4024E700FCE436 /* BirthdayManager.swift in Sources */,
				0BBC47631D3EC3B20006EDDE /* BirthdayTableViewController.swift in Sources */,
				5DFAC9EC1D804944004679D6 /* BirthdayNotficator.swift in Sources */,
				0B947B291D3EC9E5003F9D8F /* AddBirthdayViewController.swift in Sources */,
				0BBC47611D3EC3B20006EDDE /* AppDelegate.swift in Sources */,
			);
			runOnlyForDeploymentPostprocessing = 0;
		};
		0BBC476D1D3EC3B20006EDDE /* Sources */ = {
			isa = PBXSourcesBuildPhase;
			buildActionMask = 2147483647;
			files = (
				5DFAC9F01D818B6A004679D6 /* BirthdayNotficatorTests.swift in Sources */,
				5DFAC9E61D7EEC58004679D6 /* AddBirthdayVCTests.swift in Sources */,
				5DFAC9EA1D7F1A16004679D6 /* BirthdayManagerTests.swift in Sources */,
				5DFAC9E81D7EFFE2004679D6 /* BirthdayTableVC.swift in Sources */,
			);
			runOnlyForDeploymentPostprocessing = 0;
		};
/* End PBXSourcesBuildPhase section */

/* Begin PBXTargetDependency section */
		0BBC47731D3EC3B20006EDDE /* PBXTargetDependency */ = {
			isa = PBXTargetDependency;
			target = 0BBC475C1D3EC3B20006EDDE /* BirthdayReminder */;
			targetProxy = 0BBC47721D3EC3B20006EDDE /* PBXContainerItemProxy */;
		};
/* End PBXTargetDependency section */

/* Begin PBXVariantGroup section */
		0BBC47641D3EC3B20006EDDE /* Main.storyboard */ = {
			isa = PBXVariantGroup;
			children = (
				0BBC47651D3EC3B20006EDDE /* Base */,
			);
			name = Main.storyboard;
			sourceTree = "<group>";
		};
		0BBC47691D3EC3B20006EDDE /* LaunchScreen.storyboard */ = {
			isa = PBXVariantGroup;
			children = (
				0BBC476A1D3EC3B20006EDDE /* Base */,
			);
			name = LaunchScreen.storyboard;
			sourceTree = "<group>";
		};
/* End PBXVariantGroup section */

/* Begin XCBuildConfiguration section */
		0BBC47781D3EC3B20006EDDE /* Debug */ = {
			isa = XCBuildConfiguration;
			buildSettings = {
				ALWAYS_SEARCH_USER_PATHS = NO;
				CLANG_ANALYZER_NONNULL = YES;
				CLANG_CXX_LANGUAGE_STANDARD = "gnu++0x";
				CLANG_CXX_LIBRARY = "libc++";
				CLANG_ENABLE_MODULES = YES;
				CLANG_ENABLE_OBJC_ARC = YES;
				CLANG_WARN_BOOL_CONVERSION = YES;
				CLANG_WARN_CONSTANT_CONVERSION = YES;
				CLANG_WARN_DIRECT_OBJC_ISA_USAGE = YES_ERROR;
				CLANG_WARN_EMPTY_BODY = YES;
				CLANG_WARN_ENUM_CONVERSION = YES;
				CLANG_WARN_INT_CONVERSION = YES;
				CLANG_WARN_OBJC_ROOT_CLASS = YES_ERROR;
				CLANG_WARN_UNREACHABLE_CODE = YES;
				CLANG_WARN__DUPLICATE_METHOD_MATCH = YES;
				"CODE_SIGN_IDENTITY[sdk=iphoneos*]" = "iPhone Developer";
				COPY_PHASE_STRIP = NO;
				DEBUG_INFORMATION_FORMAT = dwarf;
				ENABLE_STRICT_OBJC_MSGSEND = YES;
				ENABLE_TESTABILITY = YES;
				GCC_C_LANGUAGE_STANDARD = gnu99;
				GCC_DYNAMIC_NO_PIC = NO;
				GCC_NO_COMMON_BLOCKS = YES;
				GCC_OPTIMIZATION_LEVEL = 0;
				GCC_PREPROCESSOR_DEFINITIONS = (
					"DEBUG=1",
					"$(inherited)",
				);
				GCC_WARN_64_TO_32_BIT_CONVERSION = YES;
				GCC_WARN_ABOUT_RETURN_TYPE = YES_ERROR;
				GCC_WARN_UNDECLARED_SELECTOR = YES;
				GCC_WARN_UNINITIALIZED_AUTOS = YES_AGGRESSIVE;
				GCC_WARN_UNUSED_FUNCTION = YES;
				GCC_WARN_UNUSED_VARIABLE = YES;
				IPHONEOS_DEPLOYMENT_TARGET = 9.3;
				MTL_ENABLE_DEBUG_INFO = YES;
				ONLY_ACTIVE_ARCH = YES;
				SDKROOT = iphoneos;
				SWIFT_OPTIMIZATION_LEVEL = "-Onone";
				TARGETED_DEVICE_FAMILY = "1,2";
			};
			name = Debug;
		};
		0BBC47791D3EC3B20006EDDE /* Release */ = {
			isa = XCBuildConfiguration;
			buildSettings = {
				ALWAYS_SEARCH_USER_PATHS = NO;
				CLANG_ANALYZER_NONNULL = YES;
				CLANG_CXX_LANGUAGE_STANDARD = "gnu++0x";
				CLANG_CXX_LIBRARY = "libc++";
				CLANG_ENABLE_MODULES = YES;
				CLANG_ENABLE_OBJC_ARC = YES;
				CLANG_WARN_BOOL_CONVERSION = YES;
				CLANG_WARN_CONSTANT_CONVERSION = YES;
				CLANG_WARN_DIRECT_OBJC_ISA_USAGE = YES_ERROR;
				CLANG_WARN_EMPTY_BODY = YES;
				CLANG_WARN_ENUM_CONVERSION = YES;
				CLANG_WARN_INT_CONVERSION = YES;
				CLANG_WARN_OBJC_ROOT_CLASS = YES_ERROR;
				CLANG_WARN_UNREACHABLE_CODE = YES;
				CLANG_WARN__DUPLICATE_METHOD_MATCH = YES;
				"CODE_SIGN_IDENTITY[sdk=iphoneos*]" = "iPhone Developer";
				COPY_PHASE_STRIP = NO;
				DEBUG_INFORMATION_FORMAT = "dwarf-with-dsym";
				ENABLE_NS_ASSERTIONS = NO;
				ENABLE_STRICT_OBJC_MSGSEND = YES;
				GCC_C_LANGUAGE_STANDARD = gnu99;
				GCC_NO_COMMON_BLOCKS = YES;
				GCC_WARN_64_TO_32_BIT_CONVERSION = YES;
				GCC_WARN_ABOUT_RETURN_TYPE = YES_ERROR;
				GCC_WARN_UNDECLARED_SELECTOR = YES;
				GCC_WARN_UNINITIALIZED_AUTOS = YES_AGGRESSIVE;
				GCC_WARN_UNUSED_FUNCTION = YES;
				GCC_WARN_UNUSED_VARIABLE = YES;
				IPHONEOS_DEPLOYMENT_TARGET = 9.3;
				MTL_ENABLE_DEBUG_INFO = NO;
				SDKROOT = iphoneos;
				TARGETED_DEVICE_FAMILY = "1,2";
				VALIDATE_PRODUCT = YES;
			};
			name = Release;
		};
		0BBC477B1D3EC3B20006EDDE /* Debug */ = {
			isa = XCBuildConfiguration;
			buildSettings = {
				ASSETCATALOG_COMPILER_APPICON_NAME = AppIcon;
				INFOPLIST_FILE = BirthdayReminder/Info.plist;
				LD_RUNPATH_SEARCH_PATHS = "$(inherited) @executable_path/Frameworks";
				PRODUCT_BUNDLE_IDENTIFIER = GlobalLogic.BirthdayReminder;
				PRODUCT_NAME = "$(TARGET_NAME)";
			};
			name = Debug;
		};
		0BBC477C1D3EC3B20006EDDE /* Release */ = {
			isa = XCBuildConfiguration;
			buildSettings = {
				ASSETCATALOG_COMPILER_APPICON_NAME = AppIcon;
				INFOPLIST_FILE = BirthdayReminder/Info.plist;
				LD_RUNPATH_SEARCH_PATHS = "$(inherited) @executable_path/Frameworks";
				PRODUCT_BUNDLE_IDENTIFIER = GlobalLogic.BirthdayReminder;
				PRODUCT_NAME = "$(TARGET_NAME)";
			};
			name = Release;
		};
		0BBC477E1D3EC3B20006EDDE /* Debug */ = {
			isa = XCBuildConfiguration;
			buildSettings = {
				BUNDLE_LOADER = "$(TEST_HOST)";
				INFOPLIST_FILE = BirthdayReminderTests/Info.plist;
				LD_RUNPATH_SEARCH_PATHS = "$(inherited) @executable_path/Frameworks @loader_path/Frameworks";
				PRODUCT_BUNDLE_IDENTIFIER = GlobalLogic.BirthdayReminderTests;
				PRODUCT_NAME = "$(TARGET_NAME)";
				TEST_HOST = "$(BUILT_PRODUCTS_DIR)/BirthdayReminder.app/BirthdayReminder";
			};
			name = Debug;
		};
		0BBC477F1D3EC3B20006EDDE /* Release */ = {
			isa = XCBuildConfiguration;
			buildSettings = {
				BUNDLE_LOADER = "$(TEST_HOST)";
				INFOPLIST_FILE = BirthdayReminderTests/Info.plist;
				LD_RUNPATH_SEARCH_PATHS = "$(inherited) @executable_path/Frameworks @loader_path/Frameworks";
				PRODUCT_BUNDLE_IDENTIFIER = GlobalLogic.BirthdayReminderTests;
				PRODUCT_NAME = "$(TARGET_NAME)";
				TEST_HOST = "$(BUILT_PRODUCTS_DIR)/BirthdayReminder.app/BirthdayReminder";
			};
			name = Release;
		};
/* End XCBuildConfiguration section */

/* Begin XCConfigurationList section */
		0BBC47581D3EC3B20006EDDE /* Build configuration list for PBXProject "BirthdayReminder" */ = {
			isa = XCConfigurationList;
			buildConfigurations = (
				0BBC47781D3EC3B20006EDDE /* Debug */,
				0BBC47791D3EC3B20006EDDE /* Release */,
			);
			defaultConfigurationIsVisible = 0;
			defaultConfigurationName = Release;
		};
		0BBC477A1D3EC3B20006EDDE /* Build configuration list for PBXNativeTarget "BirthdayReminder" */ = {
			isa = XCConfigurationList;
			buildConfigurations = (
				0BBC477B1D3EC3B20006EDDE /* Debug */,
				0BBC477C1D3EC3B20006EDDE /* Release */,
			);
			defaultConfigurationIsVisible = 0;
			defaultConfigurationName = Release;
		};
		0BBC477D1D3EC3B20006EDDE /* Build configuration list for PBXNativeTarget "BirthdayReminderTests" */ = {
			isa = XCConfigurationList;
			buildConfigurations = (
				0BBC477E1D3EC3B20006EDDE /* Debug */,
				0BBC477F1D3EC3B20006EDDE /* Release */,
			);
			defaultConfigurationIsVisible = 0;
			defaultConfigurationName = Release;
		};
/* End XCConfigurationList section */
	};
	rootObject = 0BBC47551D3EC3B20006EDDE /* Project object */;
}
